
Microsoft Visual Studio Solution File, Format Version 12.00
# Visual Studio Version 17
VisualStudioVersion = 17.10.35122.118
MinimumVisualStudioVersion = 10.0.40219.1
Project("{FAE04EC0-301F-11D3-BF4B-00C04F79EFBC}") = "ConsoleApp9", "ConsoleApp9\ConsoleApp9.csproj", "{F0ED6794-D888-4A5B-997B-857EECE2947E}"
EndProject
Global
	GlobalSection(SolutionConfigurationPlatforms) = preSolution
		Debug|Any CPU = Debug|Any CPU
		Release|Any CPU = Release|Any CPU
	EndGlobalSection
	GlobalSection(ProjectConfigurationPlatforms) = postSolution
		{F0ED6794-D888-4A5B-997B-857EECE2947E}.Debug|Any CPU.ActiveCfg = Debug|Any CPU
		{F0ED6794-D888-4A5B-997B-857EECE2947E}.Debug|Any CPU.Build.0 = Debug|Any CPU
		{F0ED6794-D888-4A5B-997B-857EECE2947E}.Release|Any CPU.ActiveCfg = Release|Any CPU
		{F0ED6794-D888-4A5B-997B-857EECE2947E}.Release|Any CPU.Build.0 = Release|Any CPU
	EndGlobalSection
	GlobalSection(SolutionProperties) = preSolution
		HideSolutionNode = FALSE
	EndGlobalSection
	GlobalSection(ExtensibilityGlobals) = postSolution
		SolutionGuid = {73521C61-D189-4768-9C72-6B72F65D58A8}
	EndGlobalSection
EndGlobal
